
Microsoft Visual Studio Solution File, Format Version 12.00
# Visual Studio Version 17
VisualStudioVersion = 17.1.31903.286
MinimumVisualStudioVersion = 10.0.40219.1
Project("{9A19103F-16F7-4668-BE54-9A1E7A4F7556}") = "SignalR.API", "SignalR.API\SignalR.API.csproj", "{F7BF91C9-B75A-4E08-90C2-2BE7B54670C3}"
EndProject
Project("{FAE04EC0-301F-11D3-BF4B-00C04F79EFBC}") = "SignalR.Web", "SignalR.Web\SignalR.Web.csproj", "{DA458227-D746-46EF-A739-3D448131CDCD}"
EndProject
Global
	GlobalSection(SolutionConfigurationPlatforms) = preSolution
		Debug|Any CPU = Debug|Any CPU
		Release|Any CPU = Release|Any CPU
	EndGlobalSection
	GlobalSection(ProjectConfigurationPlatforms) = postSolution
		{F7BF91C9-B75A-4E08-90C2-2BE7B54670C3}.Debug|Any CPU.ActiveCfg = Debug|Any CPU
		{F7BF91C9-B75A-4E08-90C2-2BE7B54670C3}.Debug|Any CPU.Build.0 = Debug|Any CPU
		{F7BF91C9-B75A-4E08-90C2-2BE7B54670C3}.Release|Any CPU.ActiveCfg = Release|Any CPU
		{F7BF91C9-B75A-4E08-90C2-2BE7B54670C3}.Release|Any CPU.Build.0 = Release|Any CPU
		{DA458227-D746-46EF-A739-3D448131CDCD}.Debug|Any CPU.ActiveCfg = Debug|Any CPU
		{DA458227-D746-46EF-A739-3D448131CDCD}.Debug|Any CPU.Build.0 = Debug|Any CPU
		{DA458227-D746-46EF-A739-3D448131CDCD}.Release|Any CPU.ActiveCfg = Release|Any CPU
		{DA458227-D746-46EF-A739-3D448131CDCD}.Release|Any CPU.Build.0 = Release|Any CPU
	EndGlobalSection
	GlobalSection(SolutionProperties) = preSolution
		HideSolutionNode = FALSE
	EndGlobalSection
	GlobalSection(ExtensibilityGlobals) = postSolution
		SolutionGuid = {D87FD3DF-CAEF-4D8E-AEC0-22FAF6BA30B8}
	EndGlobalSection
EndGlobal
